
Microsoft Visual Studio Solution File, Format Version 12.00
# Visual Studio Version 17
VisualStudioVersion = 17.11.35219.272
MinimumVisualStudioVersion = 10.0.40219.1
Project("{FAE04EC0-301F-11D3-BF4B-00C04F79EFBC}") = "VManagement.Core", "VManagement.Core\VManagement.Core.csproj", "{7062BD53-BEBC-42BA-B998-FF1038160FED}"
EndProject
Global
	GlobalSection(SolutionConfigurationPlatforms) = preSolution
		Debug|Any CPU = Debug|Any CPU
		Release|Any CPU = Release|Any CPU
	EndGlobalSection
	GlobalSection(ProjectConfigurationPlatforms) = postSolution
		{7062BD53-BEBC-42BA-B998-FF1038160FED}.Debug|Any CPU.ActiveCfg = Debug|Any CPU
		{7062BD53-BEBC-42BA-B998-FF1038160FED}.Debug|Any CPU.Build.0 = Debug|Any CPU
		{7062BD53-BEBC-42BA-B998-FF1038160FED}.Release|Any CPU.ActiveCfg = Release|Any CPU
		{7062BD53-BEBC-42BA-B998-FF1038160FED}.Release|Any CPU.Build.0 = Release|Any CPU
	EndGlobalSection
	GlobalSection(SolutionProperties) = preSolution
		HideSolutionNode = FALSE
	EndGlobalSection
	GlobalSection(ExtensibilityGlobals) = postSolution
		SolutionGuid = {91EFC73C-97F1-4E77-9CF0-F82BD8A607C5}
	EndGlobalSection
EndGlobal
